// !$*UTF8*$!
{
	archiveVersion = 1;
	classes = {
	};
	objectVersion = 55;
	objects = {

/* Begin PBXBuildFile section */
		80765F6528C73D5500FD16F7 /* AppDelegate.swift in Sources */ = {isa = PBXBuildFile; fileRef = 80765F6428C73D5500FD16F7 /* AppDelegate.swift */; };
		80765F6728C73D5500FD16F7 /* SceneDelegate.swift in Sources */ = {isa = PBXBuildFile; fileRef = 80765F6628C73D5500FD16F7 /* SceneDelegate.swift */; };
		80765F6928C73D5500FD16F7 /* ViewController.swift in Sources */ = {isa = PBXBuildFile; fileRef = 80765F6828C73D5500FD16F7 /* ViewController.swift */; };
		80765F6E28C73D5700FD16F7 /* Assets.xcassets in Resources */ = {isa = PBXBuildFile; fileRef = 80765F6D28C73D5700FD16F7 /* Assets.xcassets */; };
		80765F7128C73D5700FD16F7 /* LaunchScreen.storyboard in Resources */ = {isa = PBXBuildFile; fileRef = 80765F6F28C73D5700FD16F7 /* LaunchScreen.storyboard */; };
		80765F7B28C73DEB00FD16F7 /* CDDContext.swift in Sources */ = {isa = PBXBuildFile; fileRef = 80765F7A28C73DEB00FD16F7 /* CDDContext.swift */; };
		80765F7D28C7420C00FD16F7 /* NSObject+CDD.swift in Sources */ = {isa = PBXBuildFile; fileRef = 80765F7C28C7420C00FD16F7 /* NSObject+CDD.swift */; };
		80765F7F28C8225100FD16F7 /* AssociatedProtocol.swift in Sources */ = {isa = PBXBuildFile; fileRef = 80765F7E28C8225100FD16F7 /* AssociatedProtocol.swift */; };
		80765F8228C82AFA00FD16F7 /* WJBaseViewController.swift in Sources */ = {isa = PBXBuildFile; fileRef = 80765F8128C82AFA00FD16F7 /* WJBaseViewController.swift */; };
		80765F8428C83B1B00FD16F7 /* WJBaseTableView.swift in Sources */ = {isa = PBXBuildFile; fileRef = 80765F8328C83B1B00FD16F7 /* WJBaseTableView.swift */; };
		80765F8628C83B3C00FD16F7 /* WJBaseCollectionView.swift in Sources */ = {isa = PBXBuildFile; fileRef = 80765F8528C83B3C00FD16F7 /* WJBaseCollectionView.swift */; };
		80765F8828C83B6D00FD16F7 /* WJBaseAdapter.swift in Sources */ = {isa = PBXBuildFile; fileRef = 80765F8728C83B6D00FD16F7 /* WJBaseAdapter.swift */; };
		80765F8A28C83FFA00FD16F7 /* WJBaseModel.swift in Sources */ = {isa = PBXBuildFile; fileRef = 80765F8928C83FFA00FD16F7 /* WJBaseModel.swift */; };
		80765F8C28C84ABB00FD16F7 /* WJBasePresenter.swift in Sources */ = {isa = PBXBuildFile; fileRef = 80765F8B28C84ABB00FD16F7 /* WJBasePresenter.swift */; };
		80765F8E28C870B500FD16F7 /* WJBaseNavigationController.swift in Sources */ = {isa = PBXBuildFile; fileRef = 80765F8D28C870B500FD16F7 /* WJBaseNavigationController.swift */; };
		80765F9528C87A8100FD16F7 /* HomeVC.swift in Sources */ = {isa = PBXBuildFile; fileRef = 80765F9428C87A8100FD16F7 /* HomeVC.swift */; };
		80765F9728C87AD100FD16F7 /* HomeAdapter.swift in Sources */ = {isa = PBXBuildFile; fileRef = 80765F9628C87AD100FD16F7 /* HomeAdapter.swift */; };
		80765F9928C87D1100FD16F7 /* HomePresenter.swift in Sources */ = {isa = PBXBuildFile; fileRef = 80765F9828C87D1100FD16F7 /* HomePresenter.swift */; };
		80765F9B28C87D2400FD16F7 /* HomeInteractor.swift in Sources */ = {isa = PBXBuildFile; fileRef = 80765F9A28C87D2400FD16F7 /* HomeInteractor.swift */; };
		80765F9D28C87DDC00FD16F7 /* HomeProfile.swift in Sources */ = {isa = PBXBuildFile; fileRef = 80765F9C28C87DDC00FD16F7 /* HomeProfile.swift */; };
		80765F9F28C8822400FD16F7 /* HomeView.swift in Sources */ = {isa = PBXBuildFile; fileRef = 80765F9E28C8822400FD16F7 /* HomeView.swift */; };
		80765FA228C9750300FD16F7 /* HomeCell.swift in Sources */ = {isa = PBXBuildFile; fileRef = 80765FA028C9750300FD16F7 /* HomeCell.swift */; };
		80765FA328C9750300FD16F7 /* HomeCell.xib in Resources */ = {isa = PBXBuildFile; fileRef = 80765FA128C9750300FD16F7 /* HomeCell.xib */; };
		80765FA728C97A9200FD16F7 /* MethodTool.m in Sources */ = {isa = PBXBuildFile; fileRef = 80765FA628C97A9200FD16F7 /* MethodTool.m */; };
		80E4AE5728C9DDA100E99515 /* SendMsg.swift in Sources */ = {isa = PBXBuildFile; fileRef = 80E4AE5628C9DDA100E99515 /* SendMsg.swift */; };
/* End PBXBuildFile section */

/* Begin PBXFileReference section */
		80765F6128C73D5500FD16F7 /* MVPDesignMode.app */ = {isa = PBXFileReference; explicitFileType = wrapper.application; includeInIndex = 0; path = MVPDesignMode.app; sourceTree = BUILT_PRODUCTS_DIR; };
		80765F6428C73D5500FD16F7 /* AppDelegate.swift */ = {isa = PBXFileReference; lastKnownFileType = sourcecode.swift; path = AppDelegate.swift; sourceTree = "<group>"; };
		80765F6628C73D5500FD16F7 /* SceneDelegate.swift */ = {isa = PBXFileReference; lastKnownFileType = sourcecode.swift; path = SceneDelegate.swift; sourceTree = "<group>"; };
		80765F6828C73D5500FD16F7 /* ViewController.swift */ = {isa = PBXFileReference; lastKnownFileType = sourcecode.swift; path = ViewController.swift; sourceTree = "<group>"; };
		80765F6D28C73D5700FD16F7 /* Assets.xcassets */ = {isa = PBXFileReference; lastKnownFileType = folder.assetcatalog; path = Assets.xcassets; sourceTree = "<group>"; };
		80765F7028C73D5700FD16F7 /* Base */ = {isa = PBXFileReference; lastKnownFileType = file.storyboard; name = Base; path = Base.lproj/LaunchScreen.storyboard; sourceTree = "<group>"; };
		80765F7228C73D5700FD16F7 /* Info.plist */ = {isa = PBXFileReference; lastKnownFileType = text.plist.xml; path = Info.plist; sourceTree = "<group>"; };
		80765F7A28C73DEB00FD16F7 /* CDDContext.swift */ = {isa = PBXFileReference; lastKnownFileType = sourcecode.swift; path = CDDContext.swift; sourceTree = "<group>"; };
		80765F7C28C7420C00FD16F7 /* NSObject+CDD.swift */ = {isa = PBXFileReference; lastKnownFileType = sourcecode.swift; path = "NSObject+CDD.swift"; sourceTree = "<group>"; };
		80765F7E28C8225100FD16F7 /* AssociatedProtocol.swift */ = {isa = PBXFileReference; lastKnownFileType = sourcecode.swift; path = AssociatedProtocol.swift; sourceTree = "<group>"; };
		80765F8128C82AFA00FD16F7 /* WJBaseViewController.swift */ = {isa = PBXFileReference; lastKnownFileType = sourcecode.swift; path = WJBaseViewController.swift; sourceTree = "<group>"; };
		80765F8328C83B1B00FD16F7 /* WJBaseTableView.swift */ = {isa = PBXFileReference; lastKnownFileType = sourcecode.swift; path = WJBaseTableView.swift; sourceTree = "<group>"; };
		80765F8528C83B3C00FD16F7 /* WJBaseCollectionView.swift */ = {isa = PBXFileReference; lastKnownFileType = sourcecode.swift; path = WJBaseCollectionView.swift; sourceTree = "<group>"; };
		80765F8728C83B6D00FD16F7 /* WJBaseAdapter.swift */ = {isa = PBXFileReference; lastKnownFileType = sourcecode.swift; path = WJBaseAdapter.swift; sourceTree = "<group>"; };
		80765F8928C83FFA00FD16F7 /* WJBaseModel.swift */ = {isa = PBXFileReference; lastKnownFileType = sourcecode.swift; path = WJBaseModel.swift; sourceTree = "<group>"; };
		80765F8B28C84ABB00FD16F7 /* WJBasePresenter.swift */ = {isa = PBXFileReference; lastKnownFileType = sourcecode.swift; path = WJBasePresenter.swift; sourceTree = "<group>"; };
		80765F8D28C870B500FD16F7 /* WJBaseNavigationController.swift */ = {isa = PBXFileReference; fileEncoding = 4; lastKnownFileType = sourcecode.swift; path = WJBaseNavigationController.swift; sourceTree = "<group>"; };
		80765F9428C87A8100FD16F7 /* HomeVC.swift */ = {isa = PBXFileReference; lastKnownFileType = sourcecode.swift; path = HomeVC.swift; sourceTree = "<group>"; };
		80765F9628C87AD100FD16F7 /* HomeAdapter.swift */ = {isa = PBXFileReference; lastKnownFileType = sourcecode.swift; path = HomeAdapter.swift; sourceTree = "<group>"; };
		80765F9828C87D1100FD16F7 /* HomePresenter.swift */ = {isa = PBXFileReference; lastKnownFileType = sourcecode.swift; path = HomePresenter.swift; sourceTree = "<group>"; };
		80765F9A28C87D2400FD16F7 /* HomeInteractor.swift */ = {isa = PBXFileReference; lastKnownFileType = sourcecode.swift; path = HomeInteractor.swift; sourceTree = "<group>"; };
		80765F9C28C87DDC00FD16F7 /* HomeProfile.swift */ = {isa = PBXFileReference; lastKnownFileType = sourcecode.swift; path = HomeProfile.swift; sourceTree = "<group>"; };
		80765F9E28C8822400FD16F7 /* HomeView.swift */ = {isa = PBXFileReference; lastKnownFileType = sourcecode.swift; path = HomeView.swift; sourceTree = "<group>"; };
		80765FA028C9750300FD16F7 /* HomeCell.swift */ = {isa = PBXFileReference; lastKnownFileType = sourcecode.swift; path = HomeCell.swift; sourceTree = "<group>"; };
		80765FA128C9750300FD16F7 /* HomeCell.xib */ = {isa = PBXFileReference; lastKnownFileType = file.xib; path = HomeCell.xib; sourceTree = "<group>"; };
		80765FA428C97A9200FD16F7 /* MVPDesignMode-Bridging-Header.h */ = {isa = PBXFileReference; lastKnownFileType = sourcecode.c.h; path = "MVPDesignMode-Bridging-Header.h"; sourceTree = "<group>"; };
		80765FA528C97A9200FD16F7 /* MethodTool.h */ = {isa = PBXFileReference; lastKnownFileType = sourcecode.c.h; path = MethodTool.h; sourceTree = "<group>"; };
		80765FA628C97A9200FD16F7 /* MethodTool.m */ = {isa = PBXFileReference; lastKnownFileType = sourcecode.c.objc; path = MethodTool.m; sourceTree = "<group>"; };
		80E4AE5628C9DDA100E99515 /* SendMsg.swift */ = {isa = PBXFileReference; lastKnownFileType = sourcecode.swift; path = SendMsg.swift; sourceTree = "<group>"; };
/* End PBXFileReference section */

/* Begin PBXFrameworksBuildPhase section */
		80765F5E28C73D5500FD16F7 /* Frameworks */ = {
			isa = PBXFrameworksBuildPhase;
			buildActionMask = 2147483647;
			files = (
			);
			runOnlyForDeploymentPostprocessing = 0;
		};
/* End PBXFrameworksBuildPhase section */

/* Begin PBXGroup section */
		80765F5828C73D5500FD16F7 = {
			isa = PBXGroup;
			children = (
				80765F6328C73D5500FD16F7 /* MVPDesignMode */,
				80765F6228C73D5500FD16F7 /* Products */,
			);
			sourceTree = "<group>";
		};
		80765F6228C73D5500FD16F7 /* Products */ = {
			isa = PBXGroup;
			children = (
				80765F6128C73D5500FD16F7 /* MVPDesignMode.app */,
			);
			name = Products;
			sourceTree = "<group>";
		};
		80765F6328C73D5500FD16F7 /* MVPDesignMode */ = {
			isa = PBXGroup;
			children = (
				80765FA428C97A9200FD16F7 /* MVPDesignMode-Bridging-Header.h */,
				80765F7928C73D9600FD16F7 /* Skeleton  */,
				80765F8F28C8797000FD16F7 /* Home */,
				80765F6428C73D5500FD16F7 /* AppDelegate.swift */,
				80765F6628C73D5500FD16F7 /* SceneDelegate.swift */,
				80765F6828C73D5500FD16F7 /* ViewController.swift */,
				80765F6D28C73D5700FD16F7 /* Assets.xcassets */,
				80765F6F28C73D5700FD16F7 /* LaunchScreen.storyboard */,
				80765F7228C73D5700FD16F7 /* Info.plist */,
			);
			path = MVPDesignMode;
			sourceTree = "<group>";
		};
		80765F7828C73D7800FD16F7 /* CDD */ = {
			isa = PBXGroup;
			children = (
				80765F7A28C73DEB00FD16F7 /* CDDContext.swift */,
				80765F7C28C7420C00FD16F7 /* NSObject+CDD.swift */,
				80765F7E28C8225100FD16F7 /* AssociatedProtocol.swift */,
			);
			path = CDD;
			sourceTree = "<group>";
		};
		80765F7928C73D9600FD16F7 /* Skeleton  */ = {
			isa = PBXGroup;
			children = (
				80765F8028C8290C00FD16F7 /* Base */,
				80765F7828C73D7800FD16F7 /* CDD */,
			);
			path = "Skeleton ";
			sourceTree = "<group>";
		};
		80765F8028C8290C00FD16F7 /* Base */ = {
			isa = PBXGroup;
			children = (
				80765F8128C82AFA00FD16F7 /* WJBaseViewController.swift */,
				80765F8D28C870B500FD16F7 /* WJBaseNavigationController.swift */,
				80765F8328C83B1B00FD16F7 /* WJBaseTableView.swift */,
				80765F8528C83B3C00FD16F7 /* WJBaseCollectionView.swift */,
				80765F8728C83B6D00FD16F7 /* WJBaseAdapter.swift */,
				80765F8928C83FFA00FD16F7 /* WJBaseModel.swift */,
				80765F8B28C84ABB00FD16F7 /* WJBasePresenter.swift */,
				80E4AE5628C9DDA100E99515 /* SendMsg.swift */,
				80765FA528C97A9200FD16F7 /* MethodTool.h */,
				80765FA628C97A9200FD16F7 /* MethodTool.m */,
			);
			path = Base;
			sourceTree = "<group>";
		};
		80765F8F28C8797000FD16F7 /* Home */ = {
			isa = PBXGroup;
			children = (
				80765F9028C8798800FD16F7 /* Controllers */,
				80765F9128C8799A00FD16F7 /* Views */,
				80765F9328C879B000FD16F7 /* Presenters */,
				80765F9228C879A200FD16F7 /* Models */,
			);
			path = Home;
			sourceTree = "<group>";
		};
		80765F9028C8798800FD16F7 /* Controllers */ = {
			isa = PBXGroup;
			children = (
				80765F9428C87A8100FD16F7 /* HomeVC.swift */,
			);
			path = Controllers;
			sourceTree = "<group>";
		};
		80765F9128C8799A00FD16F7 /* Views */ = {
			isa = PBXGroup;
			children = (
				80765F9E28C8822400FD16F7 /* HomeView.swift */,
				80765FA028C9750300FD16F7 /* HomeCell.swift */,
				80765FA128C9750300FD16F7 /* HomeCell.xib */,
			);
			path = Views;
			sourceTree = "<group>";
		};
		80765F9228C879A200FD16F7 /* Models */ = {
			isa = PBXGroup;
			children = (
				80765F9C28C87DDC00FD16F7 /* HomeProfile.swift */,
			);
			path = Models;
			sourceTree = "<group>";
		};
		80765F9328C879B000FD16F7 /* Presenters */ = {
			isa = PBXGroup;
			children = (
				80765F9628C87AD100FD16F7 /* HomeAdapter.swift */,
				80765F9828C87D1100FD16F7 /* HomePresenter.swift */,
				80765F9A28C87D2400FD16F7 /* HomeInteractor.swift */,
			);
			path = Presenters;
			sourceTree = "<group>";
		};
/* End PBXGroup section */

/* Begin PBXNativeTarget section */
		80765F6028C73D5500FD16F7 /* MVPDesignMode */ = {
			isa = PBXNativeTarget;
			buildConfigurationList = 80765F7528C73D5700FD16F7 /* Build configuration list for PBXNativeTarget "MVPDesignMode" */;
			buildPhases = (
				80765F5D28C73D5500FD16F7 /* Sources */,
				80765F5E28C73D5500FD16F7 /* Frameworks */,
				80765F5F28C73D5500FD16F7 /* Resources */,
			);
			buildRules = (
			);
			dependencies = (
			);
			name = MVPDesignMode;
			productName = MVPDesignMode;
			productReference = 80765F6128C73D5500FD16F7 /* MVPDesignMode.app */;
			productType = "com.apple.product-type.application";
		};
/* End PBXNativeTarget section */

/* Begin PBXProject section */
		80765F5928C73D5500FD16F7 /* Project object */ = {
			isa = PBXProject;
			attributes = {
				BuildIndependentTargetsInParallel = 1;
				LastSwiftUpdateCheck = 1340;
				LastUpgradeCheck = 1340;
				TargetAttributes = {
					80765F6028C73D5500FD16F7 = {
						CreatedOnToolsVersion = 13.4.1;
						LastSwiftMigration = 1340;
					};
				};
			};
			buildConfigurationList = 80765F5C28C73D5500FD16F7 /* Build configuration list for PBXProject "MVPDesignMode" */;
			compatibilityVersion = "Xcode 13.0";
			developmentRegion = en;
			hasScannedForEncodings = 0;
			knownRegions = (
				en,
				Base,
			);
			mainGroup = 80765F5828C73D5500FD16F7;
			productRefGroup = 80765F6228C73D5500FD16F7 /* Products */;
			projectDirPath = "";
			projectRoot = "";
			targets = (
				80765F6028C73D5500FD16F7 /* MVPDesignMode */,
			);
		};
/* End PBXProject section */

/* Begin PBXResourcesBuildPhase section */
		80765F5F28C73D5500FD16F7 /* Resources */ = {
			isa = PBXResourcesBuildPhase;
			buildActionMask = 2147483647;
			files = (
				80765F7128C73D5700FD16F7 /* LaunchScreen.storyboard in Resources */,
				80765FA328C9750300FD16F7 /* HomeCell.xib in Resources */,
				80765F6E28C73D5700FD16F7 /* Assets.xcassets in Resources */,
			);
			runOnlyForDeploymentPostprocessing = 0;
		};
/* End PBXResourcesBuildPhase section */

/* Begin PBXSourcesBuildPhase section */
		80765F5D28C73D5500FD16F7 /* Sources */ = {
			isa = PBXSourcesBuildPhase;
			buildActionMask = 2147483647;
			files = (
				80765F8E28C870B500FD16F7 /* WJBaseNavigationController.swift in Sources */,
				80765F9528C87A8100FD16F7 /* HomeVC.swift in Sources */,
				80765F9D28C87DDC00FD16F7 /* HomeProfile.swift in Sources */,
				80765F9728C87AD100FD16F7 /* HomeAdapter.swift in Sources */,
				80765F8C28C84ABB00FD16F7 /* WJBasePresenter.swift in Sources */,
				80765F8628C83B3C00FD16F7 /* WJBaseCollectionView.swift in Sources */,
				80765F8828C83B6D00FD16F7 /* WJBaseAdapter.swift in Sources */,
				80765F8A28C83FFA00FD16F7 /* WJBaseModel.swift in Sources */,
				80765FA728C97A9200FD16F7 /* MethodTool.m in Sources */,
				80765F7D28C7420C00FD16F7 /* NSObject+CDD.swift in Sources */,
				80765F6928C73D5500FD16F7 /* ViewController.swift in Sources */,
				80765F6528C73D5500FD16F7 /* AppDelegate.swift in Sources */,
				80765F6728C73D5500FD16F7 /* SceneDelegate.swift in Sources */,
				80765F7B28C73DEB00FD16F7 /* CDDContext.swift in Sources */,
				80765F7F28C8225100FD16F7 /* AssociatedProtocol.swift in Sources */,
				80765FA228C9750300FD16F7 /* HomeCell.swift in Sources */,
				80765F8228C82AFA00FD16F7 /* WJBaseViewController.swift in Sources */,
				80765F8428C83B1B00FD16F7 /* WJBaseTableView.swift in Sources */,
				80765F9928C87D1100FD16F7 /* HomePresenter.swift in Sources */,
				80E4AE5728C9DDA100E99515 /* SendMsg.swift in Sources */,
				80765F9B28C87D2400FD16F7 /* HomeInteractor.swift in Sources */,
				80765F9F28C8822400FD16F7 /* HomeView.swift in Sources */,
			);
			runOnlyForDeploymentPostprocessing = 0;
		};
/* End PBXSourcesBuildPhase section */

/* Begin PBXVariantGroup section */
		80765F6F28C73D5700FD16F7 /* LaunchScreen.storyboard */ = {
			isa = PBXVariantGroup;
			children = (
				80765F7028C73D5700FD16F7 /* Base */,
			);
			name = LaunchScreen.storyboard;
			sourceTree = "<group>";
		};
/* End PBXVariantGroup section */

/* Begin XCBuildConfiguration section */
		80765F7328C73D5700FD16F7 /* Debug */ = {
			isa = XCBuildConfiguration;
			buildSettings = {
				ALWAYS_SEARCH_USER_PATHS = NO;
				CLANG_ANALYZER_NONNULL = YES;
				CLANG_ANALYZER_NUMBER_OBJECT_CONVERSION = YES_AGGRESSIVE;
				CLANG_CXX_LANGUAGE_STANDARD = "gnu++17";
				CLANG_ENABLE_MODULES = YES;
				CLANG_ENABLE_OBJC_ARC = YES;
				CLANG_ENABLE_OBJC_WEAK = YES;
				CLANG_WARN_BLOCK_CAPTURE_AUTORELEASING = YES;
				CLANG_WARN_BOOL_CONVERSION = YES;
				CLANG_WARN_COMMA = YES;
				CLANG_WARN_CONSTANT_CONVERSION = YES;
				CLANG_WARN_DEPRECATED_OBJC_IMPLEMENTATIONS = YES;
				CLANG_WARN_DIRECT_OBJC_ISA_USAGE = YES_ERROR;
				CLANG_WARN_DOCUMENTATION_COMMENTS = YES;
				CLANG_WARN_EMPTY_BODY = YES;
				CLANG_WARN_ENUM_CONVERSION = YES;
				CLANG_WARN_INFINITE_RECURSION = YES;
				CLANG_WARN_INT_CONVERSION = YES;
				CLANG_WARN_NON_LITERAL_NULL_CONVERSION = YES;
				CLANG_WARN_OBJC_IMPLICIT_RETAIN_SELF = YES;
				CLANG_WARN_OBJC_LITERAL_CONVERSION = YES;
				CLANG_WARN_OBJC_ROOT_CLASS = YES_ERROR;
				CLANG_WARN_QUOTED_INCLUDE_IN_FRAMEWORK_HEADER = YES;
				CLANG_WARN_RANGE_LOOP_ANALYSIS = YES;
				CLANG_WARN_STRICT_PROTOTYPES = YES;
				CLANG_WARN_SUSPICIOUS_MOVE = YES;
				CLANG_WARN_UNGUARDED_AVAILABILITY = YES_AGGRESSIVE;
				CLANG_WARN_UNREACHABLE_CODE = YES;
				CLANG_WARN__DUPLICATE_METHOD_MATCH = YES;
				COPY_PHASE_STRIP = NO;
				DEBUG_INFORMATION_FORMAT = dwarf;
				ENABLE_STRICT_OBJC_MSGSEND = YES;
				ENABLE_TESTABILITY = YES;
				GCC_C_LANGUAGE_STANDARD = gnu11;
				GCC_DYNAMIC_NO_PIC = NO;
				GCC_NO_COMMON_BLOCKS = YES;
				GCC_OPTIMIZATION_LEVEL = 0;
				GCC_PREPROCESSOR_DEFINITIONS = (
					"DEBUG=1",
					"$(inherited)",
				);
				GCC_WARN_64_TO_32_BIT_CONVERSION = YES;
				GCC_WARN_ABOUT_RETURN_TYPE = YES_ERROR;
				GCC_WARN_UNDECLARED_SELECTOR = YES;
				GCC_WARN_UNINITIALIZED_AUTOS = YES_AGGRESSIVE;
				GCC_WARN_UNUSED_FUNCTION = YES;
				GCC_WARN_UNUSED_VARIABLE = YES;
				IPHONEOS_DEPLOYMENT_TARGET = 15.5;
				MTL_ENABLE_DEBUG_INFO = INCLUDE_SOURCE;
				MTL_FAST_MATH = YES;
				ONLY_ACTIVE_ARCH = YES;
				SDKROOT = iphoneos;
				SWIFT_ACTIVE_COMPILATION_CONDITIONS = DEBUG;
				SWIFT_OPTIMIZATION_LEVEL = "-Onone";
			};
			name = Debug;
		};
		80765F7428C73D5700FD16F7 /* Release */ = {
			isa = XCBuildConfiguration;
			buildSettings = {
				ALWAYS_SEARCH_USER_PATHS = NO;
				CLANG_ANALYZER_NONNULL = YES;
				CLANG_ANALYZER_NUMBER_OBJECT_CONVERSION = YES_AGGRESSIVE;
				CLANG_CXX_LANGUAGE_STANDARD = "gnu++17";
				CLANG_ENABLE_MODULES = YES;
				CLANG_ENABLE_OBJC_ARC = YES;
				CLANG_ENABLE_OBJC_WEAK = YES;
				CLANG_WARN_BLOCK_CAPTURE_AUTORELEASING = YES;
				CLANG_WARN_BOOL_CONVERSION = YES;
				CLANG_WARN_COMMA = YES;
				CLANG_WARN_CONSTANT_CONVERSION = YES;
				CLANG_WARN_DEPRECATED_OBJC_IMPLEMENTATIONS = YES;
				CLANG_WARN_DIRECT_OBJC_ISA_USAGE = YES_ERROR;
				CLANG_WARN_DOCUMENTATION_COMMENTS = YES;
				CLANG_WARN_EMPTY_BODY = YES;
				CLANG_WARN_ENUM_CONVERSION = YES;
				CLANG_WARN_INFINITE_RECURSION = YES;
				CLANG_WARN_INT_CONVERSION = YES;
				CLANG_WARN_NON_LITERAL_NULL_CONVERSION = YES;
				CLANG_WARN_OBJC_IMPLICIT_RETAIN_SELF = YES;
				CLANG_WARN_OBJC_LITERAL_CONVERSION = YES;
				CLANG_WARN_OBJC_ROOT_CLASS = YES_ERROR;
				CLANG_WARN_QUOTED_INCLUDE_IN_FRAMEWORK_HEADER = YES;
				CLANG_WARN_RANGE_LOOP_ANALYSIS = YES;
				CLANG_WARN_STRICT_PROTOTYPES = YES;
				CLANG_WARN_SUSPICIOUS_MOVE = YES;
				CLANG_WARN_UNGUARDED_AVAILABILITY = YES_AGGRESSIVE;
				CLANG_WARN_UNREACHABLE_CODE = YES;
				CLANG_WARN__DUPLICATE_METHOD_MATCH = YES;
				COPY_PHASE_STRIP = NO;
				DEBUG_INFORMATION_FORMAT = "dwarf-with-dsym";
				ENABLE_NS_ASSERTIONS = NO;
				ENABLE_STRICT_OBJC_MSGSEND = YES;
				GCC_C_LANGUAGE_STANDARD = gnu11;
				GCC_NO_COMMON_BLOCKS = YES;
				GCC_WARN_64_TO_32_BIT_CONVERSION = YES;
				GCC_WARN_ABOUT_RETURN_TYPE = YES_ERROR;
				GCC_WARN_UNDECLARED_SELECTOR = YES;
				GCC_WARN_UNINITIALIZED_AUTOS = YES_AGGRESSIVE;
				GCC_WARN_UNUSED_FUNCTION = YES;
				GCC_WARN_UNUSED_VARIABLE = YES;
				IPHONEOS_DEPLOYMENT_TARGET = 15.5;
				MTL_ENABLE_DEBUG_INFO = NO;
				MTL_FAST_MATH = YES;
				SDKROOT = iphoneos;
				SWIFT_COMPILATION_MODE = wholemodule;
				SWIFT_OPTIMIZATION_LEVEL = "-O";
				VALIDATE_PRODUCT = YES;
			};
			name = Release;
		};
		80765F7628C73D5700FD16F7 /* Debug */ = {
			isa = XCBuildConfiguration;
			buildSettings = {
				ASSETCATALOG_COMPILER_APPICON_NAME = AppIcon;
				ASSETCATALOG_COMPILER_GLOBAL_ACCENT_COLOR_NAME = AccentColor;
				CLANG_ENABLE_MODULES = YES;
				CODE_SIGN_STYLE = Automatic;
				CURRENT_PROJECT_VERSION = 1;
				DEVELOPMENT_TEAM = TC8NNQ638S;
				GENERATE_INFOPLIST_FILE = YES;
				INFOPLIST_FILE = MVPDesignMode/Info.plist;
				INFOPLIST_KEY_UIApplicationSupportsIndirectInputEvents = YES;
				INFOPLIST_KEY_UILaunchStoryboardName = LaunchScreen;
				INFOPLIST_KEY_UISupportedInterfaceOrientations = "UIInterfaceOrientationPortrait UIInterfaceOrientationLandscapeLeft UIInterfaceOrientationLandscapeRight";
				INFOPLIST_KEY_UISupportedInterfaceOrientations_iPad = "UIInterfaceOrientationPortrait UIInterfaceOrientationPortraitUpsideDown UIInterfaceOrientationLandscapeLeft UIInterfaceOrientationLandscapeRight";
				INFOPLIST_KEY_UISupportedInterfaceOrientations_iPhone = "UIInterfaceOrientationPortrait UIInterfaceOrientationLandscapeLeft UIInterfaceOrientationLandscapeRight";
				LD_RUNPATH_SEARCH_PATHS = (
					"$(inherited)",
					"@executable_path/Frameworks",
				);
				MARKETING_VERSION = 1.0;
				PRODUCT_BUNDLE_IDENTIFIER = com.avgd.MVPDesignMode;
				PRODUCT_NAME = "$(TARGET_NAME)";
				SWIFT_EMIT_LOC_STRINGS = YES;
				SWIFT_OBJC_BRIDGING_HEADER = "MVPDesignMode/MVPDesignMode-Bridging-Header.h";
				SWIFT_OPTIMIZATION_LEVEL = "-Onone";
				SWIFT_VERSION = 5.0;
				TARGETED_DEVICE_FAMILY = "1,2";
			};
			name = Debug;
		};
		80765F7728C73D5700FD16F7 /* Release */ = {
			isa = XCBuildConfiguration;
			buildSettings = {
				ASSETCATALOG_COMPILER_APPICON_NAME = AppIcon;
				ASSETCATALOG_COMPILER_GLOBAL_ACCENT_COLOR_NAME = AccentColor;
				CLANG_ENABLE_MODULES = YES;
				CODE_SIGN_STYLE = Automatic;
				CURRENT_PROJECT_VERSION = 1;
				DEVELOPMENT_TEAM = TC8NNQ638S;
				GENERATE_INFOPLIST_FILE = YES;
				INFOPLIST_FILE = MVPDesignMode/Info.plist;
				INFOPLIST_KEY_UIApplicationSupportsIndirectInputEvents = YES;
				INFOPLIST_KEY_UILaunchStoryboardName = LaunchScreen;
				INFOPLIST_KEY_UISupportedInterfaceOrientations = "UIInterfaceOrientationPortrait UIInterfaceOrientationLandscapeLeft UIInterfaceOrientationLandscapeRight";
				INFOPLIST_KEY_UISupportedInterfaceOrientations_iPad = "UIInterfaceOrientationPortrait UIInterfaceOrientationPortraitUpsideDown UIInterfaceOrientationLandscapeLeft UIInterfaceOrientationLandscapeRight";
				INFOPLIST_KEY_UISupportedInterfaceOrientations_iPhone = "UIInterfaceOrientationPortrait UIInterfaceOrientationLandscapeLeft UIInterfaceOrientationLandscapeRight";
				LD_RUNPATH_SEARCH_PATHS = (
					"$(inherited)",
					"@executable_path/Frameworks",
				);
				MARKETING_VERSION = 1.0;
				PRODUCT_BUNDLE_IDENTIFIER = com.avgd.MVPDesignMode;
				PRODUCT_NAME = "$(TARGET_NAME)";
				SWIFT_EMIT_LOC_STRINGS = YES;
				SWIFT_OBJC_BRIDGING_HEADER = "MVPDesignMode/MVPDesignMode-Bridging-Header.h";
				SWIFT_VERSION = 5.0;
				TARGETED_DEVICE_FAMILY = "1,2";
			};
			name = Release;
		};
/* End XCBuildConfiguration section */

/* Begin XCConfigurationList section */
		80765F5C28C73D5500FD16F7 /* Build configuration list for PBXProject "MVPDesignMode" */ = {
			isa = XCConfigurationList;
			buildConfigurations = (
				80765F7328C73D5700FD16F7 /* Debug */,
				80765F7428C73D5700FD16F7 /* Release */,
			);
			defaultConfigurationIsVisible = 0;
			defaultConfigurationName = Release;
		};
		80765F7528C73D5700FD16F7 /* Build configuration list for PBXNativeTarget "MVPDesignMode" */ = {
			isa = XCConfigurationList;
			buildConfigurations = (
				80765F7628C73D5700FD16F7 /* Debug */,
				80765F7728C73D5700FD16F7 /* Release */,
			);
			defaultConfigurationIsVisible = 0;
			defaultConfigurationName = Release;
		};
/* End XCConfigurationList section */
	};
	rootObject = 80765F5928C73D5500FD16F7 /* Project object */;
}
